version = 1
revision = 2
requires-python = ">=3.13"

[[package]]
name = "ast-grep-py"
version = "0.40.3"
source = { registry = "https://pypi.org/simple" }
sdist = { url = "https://files.pythonhosted.org/packages/86/c8/fa01257e56ab773b330835983ddec35d146ff8be935bac093b829f9b0b44/ast_grep_py-0.40.3.tar.gz", hash = "sha256:db991a6148f20799a3e5fe24c10602ed7c1f869eb2cbe4cf863f8606fc119971", size = 136612, upload_time = "2025-12-15T15:49:10.016Z" }
wheels = [
    { url = "https://files.pythonhosted.org/packages/b9/98/90481ae66760c5cfcaf7eb52e5c8a4805674533be4f6e88ae515f8697e50/ast_grep_py-0.40.3-cp313-cp313-macosx_10_12_x86_64.whl", hash = "sha256:2a402ecf44d44b0c8c81b32ab8fca2c11fd7b3577e04a3e33726bad471b60da5", size = 4912730, upload_time = "2025-12-15T15:48:53.601Z" },
    { url = "https://files.pythonhosted.org/packages/6e/1a/e1d597d13e37a70e4fb2634aab5112fe85b722263712f8ebd4b934396fb2/ast_grep_py-0.40.3-cp313-cp313-macosx_11_0_arm64.whl", hash = "sha256:28ea0db13b62c68e8088c1eb9a78a7c0018aee48ef69784732e526d7b14985ea", size = 5068510, upload_time = "2025-12-15T15:48:54.781Z" },
    { url = "https://files.pythonhosted.org/packages/d3/01/108d31144523df15e0a0b5a9ce7f03832b185f58a07d15fe871be2954feb/ast_grep_py-0.40.3-cp313-cp313-manylinux_2_28_aarch64.whl", hash = "sha256:548a24a4b8fa209b24ebb4e83a2cbb03a064b085c97bb7bd28aaf515725ab1a9", size = 4893323, upload_time = "2025-12-15T15:48:55.979Z" },
    { url = "https://files.pythonhosted.org/packages/df/13/969a5dbdd96ca5b2c4cd79c30d573a36a851a601eb4cbb335d3d6d321b96/ast_grep_py-0.40.3-cp313-cp313-manylinux_2_28_x86_64.whl", hash = "sha256:5e9127e3fc1edcf5bdbd479d8088a8931a247ee2346c6718dc6c9d2b9808f9a9", size = 5003021, upload_time = "2025-12-15T15:48:57.4Z" },
    { url = "https://files.pythonhosted.org/packages/74/8f/2a6d9138b83b2db34583bc7bdffe048a2b12be862103fd14bab28e77332a/ast_grep_py-0.40.3-cp313-cp313-win32.whl", hash = "sha256:05a8dfeff0331fc56063f8114472c6115642244de343e9d9b4f26d5a1402d365", size = 4630049, upload_time = "2025-12-15T15:48:59.188Z" },
    { url = "https://files.pythonhosted.org/packages/a8/97/af1c159541e15d1fdc096d65a0b207599a2b349d9478cf2708f3d7dad405/ast_grep_py-0.40.3-cp313-cp313-win_amd64.whl", hash = "sha256:2420349165ebc97a148982ccf3ba4a726cc4cdb0ec15994c6bab24e5e02ca69f", size = 4764335, upload_time = "2025-12-15T15:49:00.403Z" },
    { url = "https://files.pythonhosted.org/packages/a1/16/bf80ea6a15fd4cfcedcf591ee1d408879f10536c31de4700e48f3df7cae4/ast_grep_py-0.40.3-cp314-cp314-macosx_10_12_x86_64.whl", hash = "sha256:aaa7a6920becbddc22800cd8cf4e5bdbe0182f1e5c092c12b00c29a63aeafafd", size = 4910924, upload_time = "2025-12-15T15:49:01.721Z" },
    { url = "https://files.pythonhosted.org/packages/99/3f/0cc3e4b49c2e97f4f19e7fb875669bf2832063e93c3fcbd866a7e407cc90/ast_grep_py-0.40.3-cp314-cp314-macosx_11_0_arm64.whl", hash = "sha256:87177601c9337df18e6152c7e7f1fed9d1d61fc69dc59d561c37faa6caf6c2d9", size = 5068535, upload_time = "2025-12-15T15:49:03.186Z" },
    { url = "https://files.pythonhosted.org/packages/54/0f/68a1a64e1bef3dbe27c87bc3b631c386670841367a18043850e1a48da083/ast_grep_py-0.40.3-cp314-cp314-manylinux_2_28_aarch64.whl", hash = "sha256:e478693b7b448d64a4e29ae8cf6b6ade723095cc97c1b747e4499e640fc2e34e", size = 4894316, upload_time = "2025-12-15T15:49:04.648Z" },
    { url = "https://files.pythonhosted.org/packages/70/5d/dcc25ea7080e52f807ecd11439051c715c170fe883df176af8dc5a09c419/ast_grep_py-0.40.3-cp314-cp314-manylinux_2_28_x86_64.whl", hash = "sha256:aeca5f89c5337397158a4a38e984a7e7252c8a9a4b5fa5f044440d8b0cbc6845", size = 5001463, upload_time = "2025-12-15T15:49:06.208Z" },
    { url = "https://files.pythonhosted.org/packages/ef/42/252e170903212120a0ca519419e1771f9ad2e7006fa1a452b0c75ff2c153/ast_grep_py-0.40.3-cp314-cp314-win32.whl", hash = "sha256:faeeeb9b657993164c76407c2ad72da8fd018a3f109a7e53707227fb5ec55d40", size = 4629136, upload_time = "2025-12-15T15:49:07.508Z" },
    { url = "https://files.pythonhosted.org/packages/32/83/16df5509765b525547be20aea1e9183302faac9646a3acc6c8a04984dac5/ast_grep_py-0.40.3-cp314-cp314-win_amd64.whl", hash = "sha256:8c407deb4a8bf1f6fa8df9a63a758f1333924b32f5d08cd4549f917418c0e3eb", size = 4764171, upload_time = "2025-12-15T15:49:08.826Z" },
]

[[package]]
name = "linetrace"
version = "0.1.0"
source = { virtual = "." }
dependencies = [
    { name = "ast-grep-py" },
    { name = "python-dotenv" },
]

[package.metadata]
requires-dist = [
    { name = "ast-grep-py", specifier = ">=0.15.0" },
    { name = "python-dotenv", specifier = ">=1.0.0" },
]

[[package]]
name = "python-dotenv"
version = "1.2.1"
source = { registry = "https://pypi.org/simple" }
sdist = { url = "https://files.pythonhosted.org/packages/f0/26/19cadc79a718c5edbec86fd4919a6b6d3f681039a2f6d66d14be94e75fb9/python_dotenv-1.2.1.tar.gz", hash = "sha256:42667e897e16ab0d66954af0e60a9caa94f0fd4ecf3aaf6d2d260eec1aa36ad6", size = 44221, upload_time = "2025-10-26T15:12:10.434Z" }
wheels = [
    { url = "https://files.pythonhosted.org/packages/14/1b/a298b06749107c305e1fe0f814c6c74aea7b2f1e10989cb30f544a1b3253/python_dotenv-1.2.1-py3-none-any.whl", hash = "sha256:b81ee9561e9ca4004139c6cbba3a238c32b03e4894671e181b671e8cb8425d61", size = 21230, upload_time = "2025-10-26T15:12:09.109Z" },
]
